// !$*UTF8*$!
{
	archiveVersion = 1;
	classes = {
	};
	objectVersion = 50;
	objects = {

/* Begin PBXBuildFile section */
		8676BC70252A317700985E81 /* Utilities.swift in Sources */ = {isa = PBXBuildFile; fileRef = 8676BC6F252A317700985E81 /* Utilities.swift */; };
		8676BC76252A464D00985E81 /* GameViewController.swift in Sources */ = {isa = PBXBuildFile; fileRef = 8676BC75252A464D00985E81 /* GameViewController.swift */; };
		86A2ECDB2523CBF40004786D /* ViewController.swift in Sources */ = {isa = PBXBuildFile; fileRef = 86A2ECDA2523CBF40004786D /* ViewController.swift */; };
		86B7E27425364F6600A04F30 /* WinViewController.swift in Sources */ = {isa = PBXBuildFile; fileRef = 86B7E27325364F6600A04F30 /* WinViewController.swift */; };
		86BF8A932514EE4400540613 /* AppDelegate.swift in Sources */ = {isa = PBXBuildFile; fileRef = 86BF8A922514EE4400540613 /* AppDelegate.swift */; };
		86BF8A952514EE4400540613 /* SceneDelegate.swift in Sources */ = {isa = PBXBuildFile; fileRef = 86BF8A942514EE4400540613 /* SceneDelegate.swift */; };
		86BF8A9A2514EE4400540613 /* Main.storyboard in Resources */ = {isa = PBXBuildFile; fileRef = 86BF8A982514EE4400540613 /* Main.storyboard */; };
		86BF8A9C2514EE4500540613 /* Assets.xcassets in Resources */ = {isa = PBXBuildFile; fileRef = 86BF8A9B2514EE4500540613 /* Assets.xcassets */; };
		86BF8A9F2514EE4500540613 /* LaunchScreen.storyboard in Resources */ = {isa = PBXBuildFile; fileRef = 86BF8A9D2514EE4500540613 /* LaunchScreen.storyboard */; };
/* End PBXBuildFile section */

/* Begin PBXFileReference section */
		8676BC6F252A317700985E81 /* Utilities.swift */ = {isa = PBXFileReference; lastKnownFileType = sourcecode.swift; path = Utilities.swift; sourceTree = "<group>"; };
		8676BC75252A464D00985E81 /* GameViewController.swift */ = {isa = PBXFileReference; lastKnownFileType = sourcecode.swift; path = GameViewController.swift; sourceTree = "<group>"; };
		86A2ECDA2523CBF40004786D /* ViewController.swift */ = {isa = PBXFileReference; fileEncoding = 4; lastKnownFileType = sourcecode.swift; path = ViewController.swift; sourceTree = "<group>"; };
		86B7E27325364F6600A04F30 /* WinViewController.swift */ = {isa = PBXFileReference; lastKnownFileType = sourcecode.swift; name = WinViewController.swift; path = ../../WinViewController.swift; sourceTree = "<group>"; };
		86BF8A8F2514EE4400540613 /* GuessTheNumber.app */ = {isa = PBXFileReference; explicitFileType = wrapper.application; includeInIndex = 0; path = GuessTheNumber.app; sourceTree = BUILT_PRODUCTS_DIR; };
		86BF8A922514EE4400540613 /* AppDelegate.swift */ = {isa = PBXFileReference; lastKnownFileType = sourcecode.swift; path = AppDelegate.swift; sourceTree = "<group>"; };
		86BF8A942514EE4400540613 /* SceneDelegate.swift */ = {isa = PBXFileReference; lastKnownFileType = sourcecode.swift; path = SceneDelegate.swift; sourceTree = "<group>"; };
		86BF8A992514EE4400540613 /* Base */ = {isa = PBXFileReference; lastKnownFileType = file.storyboard; name = Base; path = Base.lproj/Main.storyboard; sourceTree = "<group>"; };
		86BF8A9B2514EE4500540613 /* Assets.xcassets */ = {isa = PBXFileReference; lastKnownFileType = folder.assetcatalog; path = Assets.xcassets; sourceTree = "<group>"; };
		86BF8A9E2514EE4500540613 /* Base */ = {isa = PBXFileReference; lastKnownFileType = file.storyboard; name = Base; path = Base.lproj/LaunchScreen.storyboard; sourceTree = "<group>"; };
		86BF8AA02514EE4500540613 /* Info.plist */ = {isa = PBXFileReference; lastKnownFileType = text.plist.xml; path = Info.plist; sourceTree = "<group>"; };
/* End PBXFileReference section */

/* Begin PBXFrameworksBuildPhase section */
		86BF8A8C2514EE4400540613 /* Frameworks */ = {
			isa = PBXFrameworksBuildPhase;
			buildActionMask = 2147483647;
			files = (
			);
			runOnlyForDeploymentPostprocessing = 0;
		};
/* End PBXFrameworksBuildPhase section */

/* Begin PBXGroup section */
		8676BC6E252A313C00985E81 /* Helpers */ = {
			isa = PBXGroup;
			children = (
				8676BC6F252A317700985E81 /* Utilities.swift */,
			);
			path = Helpers;
			sourceTree = "<group>";
		};
		8676BC73252A44F500985E81 /* View Controllers */ = {
			isa = PBXGroup;
			children = (
				86A2ECDA2523CBF40004786D /* ViewController.swift */,
				8676BC75252A464D00985E81 /* GameViewController.swift */,
				86B7E27325364F6600A04F30 /* WinViewController.swift */,
			);
			path = "View Controllers";
			sourceTree = "<group>";
		};
		86BF8A862514EE4400540613 = {
			isa = PBXGroup;
			children = (
				86BF8A912514EE4400540613 /* GuessTheNumber */,
				86BF8A902514EE4400540613 /* Products */,
			);
			sourceTree = "<group>";
		};
		86BF8A902514EE4400540613 /* Products */ = {
			isa = PBXGroup;
			children = (
				86BF8A8F2514EE4400540613 /* GuessTheNumber.app */,
			);
			name = Products;
			sourceTree = "<group>";
		};
		86BF8A912514EE4400540613 /* GuessTheNumber */ = {
			isa = PBXGroup;
			children = (
				86BF8A922514EE4400540613 /* AppDelegate.swift */,
				86BF8A942514EE4400540613 /* SceneDelegate.swift */,
				8676BC6E252A313C00985E81 /* Helpers */,
				8676BC73252A44F500985E81 /* View Controllers */,
				86BF8A982514EE4400540613 /* Main.storyboard */,
				86BF8A9D2514EE4500540613 /* LaunchScreen.storyboard */,
				86BF8A9B2514EE4500540613 /* Assets.xcassets */,
				86BF8AA02514EE4500540613 /* Info.plist */,
			);
			path = GuessTheNumber;
			sourceTree = "<group>";
		};
/* End PBXGroup section */

/* Begin PBXNativeTarget section */
		86BF8A8E2514EE4400540613 /* GuessTheNumber */ = {
			isa = PBXNativeTarget;
			buildConfigurationList = 86BF8AA32514EE4500540613 /* Build configuration list for PBXNativeTarget "GuessTheNumber" */;
			buildPhases = (
				86BF8A8B2514EE4400540613 /* Sources */,
				86BF8A8C2514EE4400540613 /* Frameworks */,
				86BF8A8D2514EE4400540613 /* Resources */,
			);
			buildRules = (
			);
			dependencies = (
			);
			name = GuessTheNumber;
			productName = GuessTheNumber;
			productReference = 86BF8A8F2514EE4400540613 /* GuessTheNumber.app */;
			productType = "com.apple.product-type.application";
		};
/* End PBXNativeTarget section */

/* Begin PBXProject section */
		86BF8A872514EE4400540613 /* Project object */ = {
			isa = PBXProject;
			attributes = {
				LastSwiftUpdateCheck = 1170;
				LastUpgradeCheck = 1200;
				ORGANIZATIONNAME = "RICHARD SCHWAMBACH";
				TargetAttributes = {
					86BF8A8E2514EE4400540613 = {
						CreatedOnToolsVersion = 11.7;
					};
				};
			};
			buildConfigurationList = 86BF8A8A2514EE4400540613 /* Build configuration list for PBXProject "GuessTheNumber" */;
			compatibilityVersion = "Xcode 9.3";
			developmentRegion = en;
			hasScannedForEncodings = 0;
			knownRegions = (
				en,
				Base,
			);
			mainGroup = 86BF8A862514EE4400540613;
			productRefGroup = 86BF8A902514EE4400540613 /* Products */;
			projectDirPath = "";
			projectRoot = "";
			targets = (
				86BF8A8E2514EE4400540613 /* GuessTheNumber */,
			);
		};
/* End PBXProject section */

/* Begin PBXResourcesBuildPhase section */
		86BF8A8D2514EE4400540613 /* Resources */ = {
			isa = PBXResourcesBuildPhase;
			buildActionMask = 2147483647;
			files = (
				86BF8A9F2514EE4500540613 /* LaunchScreen.storyboard in Resources */,
				86BF8A9C2514EE4500540613 /* Assets.xcassets in Resources */,
				86BF8A9A2514EE4400540613 /* Main.storyboard in Resources */,
			);
			runOnlyForDeploymentPostprocessing = 0;
		};
/* End PBXResourcesBuildPhase section */

/* Begin PBXSourcesBuildPhase section */
		86BF8A8B2514EE4400540613 /* Sources */ = {
			isa = PBXSourcesBuildPhase;
			buildActionMask = 2147483647;
			files = (
				8676BC76252A464D00985E81 /* GameViewController.swift in Sources */,
				86BF8A932514EE4400540613 /* AppDelegate.swift in Sources */,
				86BF8A952514EE4400540613 /* SceneDelegate.swift in Sources */,
				86B7E27425364F6600A04F30 /* WinViewController.swift in Sources */,
				8676BC70252A317700985E81 /* Utilities.swift in Sources */,
				86A2ECDB2523CBF40004786D /* ViewController.swift in Sources */,
			);
			runOnlyForDeploymentPostprocessing = 0;
		};
/* End PBXSourcesBuildPhase section */

/* Begin PBXVariantGroup section */
		86BF8A982514EE4400540613 /* Main.storyboard */ = {
			isa = PBXVariantGroup;
			children = (
				86BF8A992514EE4400540613 /* Base */,
			);
			name = Main.storyboard;
			sourceTree = "<group>";
		};
		86BF8A9D2514EE4500540613 /* LaunchScreen.storyboard */ = {
			isa = PBXVariantGroup;
			children = (
				86BF8A9E2514EE4500540613 /* Base */,
			);
			name = LaunchScreen.storyboard;
			sourceTree = "<group>";
		};
/* End PBXVariantGroup section */

/* Begin XCBuildConfiguration section */
		86BF8AA12514EE4500540613 /* Debug */ = {
			isa = XCBuildConfiguration;
			buildSettings = {
				ALWAYS_SEARCH_USER_PATHS = NO;
				CLANG_ANALYZER_NONNULL = YES;
				CLANG_ANALYZER_NUMBER_OBJECT_CONVERSION = YES_AGGRESSIVE;
				CLANG_CXX_LANGUAGE_STANDARD = "gnu++14";
				CLANG_CXX_LIBRARY = "libc++";
				CLANG_ENABLE_MODULES = YES;
				CLANG_ENABLE_OBJC_ARC = YES;
				CLANG_ENABLE_OBJC_WEAK = YES;
				CLANG_WARN_BLOCK_CAPTURE_AUTORELEASING = YES;
				CLANG_WARN_BOOL_CONVERSION = YES;
				CLANG_WARN_COMMA = YES;
				CLANG_WARN_CONSTANT_CONVERSION = YES;
				CLANG_WARN_DEPRECATED_OBJC_IMPLEMENTATIONS = YES;
				CLANG_WARN_DIRECT_OBJC_ISA_USAGE = YES_ERROR;
				CLANG_WARN_DOCUMENTATION_COMMENTS = YES;
				CLANG_WARN_EMPTY_BODY = YES;
				CLANG_WARN_ENUM_CONVERSION = YES;
				CLANG_WARN_INFINITE_RECURSION = YES;
				CLANG_WARN_INT_CONVERSION = YES;
				CLANG_WARN_NON_LITERAL_NULL_CONVERSION = YES;
				CLANG_WARN_OBJC_IMPLICIT_RETAIN_SELF = YES;
				CLANG_WARN_OBJC_LITERAL_CONVERSION = YES;
				CLANG_WARN_OBJC_ROOT_CLASS = YES_ERROR;
				CLANG_WARN_QUOTED_INCLUDE_IN_FRAMEWORK_HEADER = YES;
				CLANG_WARN_RANGE_LOOP_ANALYSIS = YES;
				CLANG_WARN_STRICT_PROTOTYPES = YES;
				CLANG_WARN_SUSPICIOUS_MOVE = YES;
				CLANG_WARN_UNGUARDED_AVAILABILITY = YES_AGGRESSIVE;
				CLANG_WARN_UNREACHABLE_CODE = YES;
				CLANG_WARN__DUPLICATE_METHOD_MATCH = YES;
				COPY_PHASE_STRIP = NO;
				DEBUG_INFORMATION_FORMAT = dwarf;
				ENABLE_STRICT_OBJC_MSGSEND = YES;
				ENABLE_TESTABILITY = YES;
				GCC_C_LANGUAGE_STANDARD = gnu11;
				GCC_DYNAMIC_NO_PIC = NO;
				GCC_NO_COMMON_BLOCKS = YES;
				GCC_OPTIMIZATION_LEVEL = 0;
				GCC_PREPROCESSOR_DEFINITIONS = (
					"DEBUG=1",
					"$(inherited)",
				);
				GCC_WARN_64_TO_32_BIT_CONVERSION = YES;
				GCC_WARN_ABOUT_RETURN_TYPE = YES_ERROR;
				GCC_WARN_UNDECLARED_SELECTOR = YES;
				GCC_WARN_UNINITIALIZED_AUTOS = YES_AGGRESSIVE;
				GCC_WARN_UNUSED_FUNCTION = YES;
				GCC_WARN_UNUSED_VARIABLE = YES;
				IPHONEOS_DEPLOYMENT_TARGET = 13.7;
				MTL_ENABLE_DEBUG_INFO = INCLUDE_SOURCE;
				MTL_FAST_MATH = YES;
				ONLY_ACTIVE_ARCH = YES;
				SDKROOT = iphoneos;
				SWIFT_ACTIVE_COMPILATION_CONDITIONS = DEBUG;
				SWIFT_OPTIMIZATION_LEVEL = "-Onone";
			};
			name = Debug;
		};
		86BF8AA22514EE4500540613 /* Release */ = {
			isa = XCBuildConfiguration;
			buildSettings = {
				ALWAYS_SEARCH_USER_PATHS = NO;
				CLANG_ANALYZER_NONNULL = YES;
				CLANG_ANALYZER_NUMBER_OBJECT_CONVERSION = YES_AGGRESSIVE;
				CLANG_CXX_LANGUAGE_STANDARD = "gnu++14";
				CLANG_CXX_LIBRARY = "libc++";
				CLANG_ENABLE_MODULES = YES;
				CLANG_ENABLE_OBJC_ARC = YES;
				CLANG_ENABLE_OBJC_WEAK = YES;
				CLANG_WARN_BLOCK_CAPTURE_AUTORELEASING = YES;
				CLANG_WARN_BOOL_CONVERSION = YES;
				CLANG_WARN_COMMA = YES;
				CLANG_WARN_CONSTANT_CONVERSION = YES;
				CLANG_WARN_DEPRECATED_OBJC_IMPLEMENTATIONS = YES;
				CLANG_WARN_DIRECT_OBJC_ISA_USAGE = YES_ERROR;
				CLANG_WARN_DOCUMENTATION_COMMENTS = YES;
				CLANG_WARN_EMPTY_BODY = YES;
				CLANG_WARN_ENUM_CONVERSION = YES;
				CLANG_WARN_INFINITE_RECURSION = YES;
				CLANG_WARN_INT_CONVERSION = YES;
				CLANG_WARN_NON_LITERAL_NULL_CONVERSION = YES;
				CLANG_WARN_OBJC_IMPLICIT_RETAIN_SELF = YES;
				CLANG_WARN_OBJC_LITERAL_CONVERSION = YES;
				CLANG_WARN_OBJC_ROOT_CLASS = YES_ERROR;
				CLANG_WARN_QUOTED_INCLUDE_IN_FRAMEWORK_HEADER = YES;
				CLANG_WARN_RANGE_LOOP_ANALYSIS = YES;
				CLANG_WARN_STRICT_PROTOTYPES = YES;
				CLANG_WARN_SUSPICIOUS_MOVE = YES;
				CLANG_WARN_UNGUARDED_AVAILABILITY = YES_AGGRESSIVE;
				CLANG_WARN_UNREACHABLE_CODE = YES;
				CLANG_WARN__DUPLICATE_METHOD_MATCH = YES;
				COPY_PHASE_STRIP = NO;
				DEBUG_INFORMATION_FORMAT = "dwarf-with-dsym";
				ENABLE_NS_ASSERTIONS = NO;
				ENABLE_STRICT_OBJC_MSGSEND = YES;
				GCC_C_LANGUAGE_STANDARD = gnu11;
				GCC_NO_COMMON_BLOCKS = YES;
				GCC_WARN_64_TO_32_BIT_CONVERSION = YES;
				GCC_WARN_ABOUT_RETURN_TYPE = YES_ERROR;
				GCC_WARN_UNDECLARED_SELECTOR = YES;
				GCC_WARN_UNINITIALIZED_AUTOS = YES_AGGRESSIVE;
				GCC_WARN_UNUSED_FUNCTION = YES;
				GCC_WARN_UNUSED_VARIABLE = YES;
				IPHONEOS_DEPLOYMENT_TARGET = 13.7;
				MTL_ENABLE_DEBUG_INFO = NO;
				MTL_FAST_MATH = YES;
				SDKROOT = iphoneos;
				SWIFT_COMPILATION_MODE = wholemodule;
				SWIFT_OPTIMIZATION_LEVEL = "-O";
				VALIDATE_PRODUCT = YES;
			};
			name = Release;
		};
		86BF8AA42514EE4500540613 /* Debug */ = {
			isa = XCBuildConfiguration;
			buildSettings = {
				ASSETCATALOG_COMPILER_APPICON_NAME = AppIcon;
				CODE_SIGN_STYLE = Automatic;
				DEVELOPMENT_TEAM = 8QPP5ACHRR;
				INFOPLIST_FILE = GuessTheNumber/Info.plist;
				LD_RUNPATH_SEARCH_PATHS = (
					"$(inherited)",
					"@executable_path/Frameworks",
				);
				PRODUCT_BUNDLE_IDENTIFIER = Teste.GuessTheNumber;
				PRODUCT_NAME = "$(TARGET_NAME)";
				SWIFT_VERSION = 5.0;
				TARGETED_DEVICE_FAMILY = "1,2";
			};
			name = Debug;
		};
		86BF8AA52514EE4500540613 /* Release */ = {
			isa = XCBuildConfiguration;
			buildSettings = {
				ASSETCATALOG_COMPILER_APPICON_NAME = AppIcon;
				CODE_SIGN_STYLE = Automatic;
				DEVELOPMENT_TEAM = 8QPP5ACHRR;
				INFOPLIST_FILE = GuessTheNumber/Info.plist;
				LD_RUNPATH_SEARCH_PATHS = (
					"$(inherited)",
					"@executable_path/Frameworks",
				);
				PRODUCT_BUNDLE_IDENTIFIER = Teste.GuessTheNumber;
				PRODUCT_NAME = "$(TARGET_NAME)";
				SWIFT_VERSION = 5.0;
				TARGETED_DEVICE_FAMILY = "1,2";
			};
			name = Release;
		};
/* End XCBuildConfiguration section */

/* Begin XCConfigurationList section */
		86BF8A8A2514EE4400540613 /* Build configuration list for PBXProject "GuessTheNumber" */ = {
			isa = XCConfigurationList;
			buildConfigurations = (
				86BF8AA12514EE4500540613 /* Debug */,
				86BF8AA22514EE4500540613 /* Release */,
			);
			defaultConfigurationIsVisible = 0;
			defaultConfigurationName = Release;
		};
		86BF8AA32514EE4500540613 /* Build configuration list for PBXNativeTarget "GuessTheNumber" */ = {
			isa = XCConfigurationList;
			buildConfigurations = (
				86BF8AA42514EE4500540613 /* Debug */,
				86BF8AA52514EE4500540613 /* Release */,
			);
			defaultConfigurationIsVisible = 0;
			defaultConfigurationName = Release;
		};
/* End XCConfigurationList section */
	};
	rootObject = 86BF8A872514EE4400540613 /* Project object */;
}
